
Microsoft Visual Studio Solution File, Format Version 12.00
# Visual Studio Version 17
VisualStudioVersion = 17.7.34031.279
MinimumVisualStudioVersion = 10.0.40219.1
Project("{9A19103F-16F7-4668-BE54-9A1E7A4F7556}") = "MedicalApp", "MediacalApp\MedicalApp.csproj", "{3436E3D6-FA05-4EAB-BD50-4926103FC23E}"
EndProject
Project("{9A19103F-16F7-4668-BE54-9A1E7A4F7556}") = "MedicalApp.Android", "MediacalApp.Android\MedicalApp.Android.csproj", "{848EC1BA-5D6B-4FB3-ACD2-D4DCBCED117D}"
EndProject
Project("{9A19103F-16F7-4668-BE54-9A1E7A4F7556}") = "MedicalApp.Desktop", "MediacalApp.Desktop\MedicalApp.Desktop.csproj", "{4BC682B7-68E2-4981-B7A9-3D7545F0C637}"
EndProject
Project("{9A19103F-16F7-4668-BE54-9A1E7A4F7556}") = "MediacalApp.iOS", "MediacalApp.iOS\MediacalApp.iOS.csproj", "{B89A675A-1F5D-41C7-AE27-1B4FA31546E7}"
EndProject
Project("{9A19103F-16F7-4668-BE54-9A1E7A4F7556}") = "MedicalApp.Browser", "MediacalApp.Browser\MedicalApp.Browser.csproj", "{F64075AA-94BA-4122-9EE5-3A4BED9BEB44}"
EndProject
Project("{9A19103F-16F7-4668-BE54-9A1E7A4F7556}") = "SkiaGraphics", "SkiaGraphics\SkiaGraphics.csproj", "{CC955FC7-B145-4E21-A722-A7239688577D}"
EndProject
Project("{9A19103F-16F7-4668-BE54-9A1E7A4F7556}") = "Tools", "Tools\Tools.csproj", "{6E4F18A2-3089-4F8F-8ED8-9239ABA8CDEB}"
EndProject
Project("{9A19103F-16F7-4668-BE54-9A1E7A4F7556}") = "Authentication", "Authentication\Authentication.csproj", "{1FC2F729-7647-457D-A019-BAFAF9DC2F62}"
EndProject
Project("{9A19103F-16F7-4668-BE54-9A1E7A4F7556}") = "ExcelOperations", "Exceloperations\ExcelOperations.csproj", "{8C15CD1A-269F-4FB5-96AC-4DA96E97F170}"
EndProject
Project("{9A19103F-16F7-4668-BE54-9A1E7A4F7556}") = "MedicalDatabase", "MedicalDatabase\MedicalDatabase.csproj", "{E4F68EBD-919B-4371-B2A4-3950AF4702E7}"
EndProject
Global
	GlobalSection(SolutionConfigurationPlatforms) = preSolution
		Debug|Any CPU = Debug|Any CPU
		Release|Any CPU = Release|Any CPU
	EndGlobalSection
	GlobalSection(ProjectConfigurationPlatforms) = postSolution
		{3436E3D6-FA05-4EAB-BD50-4926103FC23E}.Debug|Any CPU.ActiveCfg = Debug|Any CPU
		{3436E3D6-FA05-4EAB-BD50-4926103FC23E}.Debug|Any CPU.Build.0 = Debug|Any CPU
		{3436E3D6-FA05-4EAB-BD50-4926103FC23E}.Release|Any CPU.ActiveCfg = Release|Any CPU
		{3436E3D6-FA05-4EAB-BD50-4926103FC23E}.Release|Any CPU.Build.0 = Release|Any CPU
		{848EC1BA-5D6B-4FB3-ACD2-D4DCBCED117D}.Debug|Any CPU.ActiveCfg = Debug|Any CPU
		{848EC1BA-5D6B-4FB3-ACD2-D4DCBCED117D}.Debug|Any CPU.Build.0 = Debug|Any CPU
		{848EC1BA-5D6B-4FB3-ACD2-D4DCBCED117D}.Release|Any CPU.ActiveCfg = Release|Any CPU
		{848EC1BA-5D6B-4FB3-ACD2-D4DCBCED117D}.Release|Any CPU.Build.0 = Release|Any CPU
		{4BC682B7-68E2-4981-B7A9-3D7545F0C637}.Debug|Any CPU.ActiveCfg = Debug|Any CPU
		{4BC682B7-68E2-4981-B7A9-3D7545F0C637}.Debug|Any CPU.Build.0 = Debug|Any CPU
		{4BC682B7-68E2-4981-B7A9-3D7545F0C637}.Release|Any CPU.ActiveCfg = Release|Any CPU
		{4BC682B7-68E2-4981-B7A9-3D7545F0C637}.Release|Any CPU.Build.0 = Release|Any CPU
		{B89A675A-1F5D-41C7-AE27-1B4FA31546E7}.Debug|Any CPU.ActiveCfg = Debug|Any CPU
		{B89A675A-1F5D-41C7-AE27-1B4FA31546E7}.Debug|Any CPU.Build.0 = Debug|Any CPU
		{B89A675A-1F5D-41C7-AE27-1B4FA31546E7}.Release|Any CPU.ActiveCfg = Release|Any CPU
		{B89A675A-1F5D-41C7-AE27-1B4FA31546E7}.Release|Any CPU.Build.0 = Release|Any CPU
		{F64075AA-94BA-4122-9EE5-3A4BED9BEB44}.Debug|Any CPU.ActiveCfg = Debug|Any CPU
		{F64075AA-94BA-4122-9EE5-3A4BED9BEB44}.Debug|Any CPU.Build.0 = Debug|Any CPU
		{F64075AA-94BA-4122-9EE5-3A4BED9BEB44}.Release|Any CPU.ActiveCfg = Release|Any CPU
		{F64075AA-94BA-4122-9EE5-3A4BED9BEB44}.Release|Any CPU.Build.0 = Release|Any CPU
		{CC955FC7-B145-4E21-A722-A7239688577D}.Debug|Any CPU.ActiveCfg = Debug|Any CPU
		{CC955FC7-B145-4E21-A722-A7239688577D}.Debug|Any CPU.Build.0 = Debug|Any CPU
		{CC955FC7-B145-4E21-A722-A7239688577D}.Release|Any CPU.ActiveCfg = Release|Any CPU
		{CC955FC7-B145-4E21-A722-A7239688577D}.Release|Any CPU.Build.0 = Release|Any CPU
		{6E4F18A2-3089-4F8F-8ED8-9239ABA8CDEB}.Debug|Any CPU.ActiveCfg = Debug|Any CPU
		{6E4F18A2-3089-4F8F-8ED8-9239ABA8CDEB}.Debug|Any CPU.Build.0 = Debug|Any CPU
		{6E4F18A2-3089-4F8F-8ED8-9239ABA8CDEB}.Release|Any CPU.ActiveCfg = Release|Any CPU
		{6E4F18A2-3089-4F8F-8ED8-9239ABA8CDEB}.Release|Any CPU.Build.0 = Release|Any CPU
		{1FC2F729-7647-457D-A019-BAFAF9DC2F62}.Debug|Any CPU.ActiveCfg = Debug|Any CPU
		{1FC2F729-7647-457D-A019-BAFAF9DC2F62}.Debug|Any CPU.Build.0 = Debug|Any CPU
		{1FC2F729-7647-457D-A019-BAFAF9DC2F62}.Release|Any CPU.ActiveCfg = Release|Any CPU
		{1FC2F729-7647-457D-A019-BAFAF9DC2F62}.Release|Any CPU.Build.0 = Release|Any CPU
		{8C15CD1A-269F-4FB5-96AC-4DA96E97F170}.Debug|Any CPU.ActiveCfg = Debug|Any CPU
		{8C15CD1A-269F-4FB5-96AC-4DA96E97F170}.Debug|Any CPU.Build.0 = Debug|Any CPU
		{8C15CD1A-269F-4FB5-96AC-4DA96E97F170}.Release|Any CPU.ActiveCfg = Release|Any CPU
		{8C15CD1A-269F-4FB5-96AC-4DA96E97F170}.Release|Any CPU.Build.0 = Release|Any CPU
		{E4F68EBD-919B-4371-B2A4-3950AF4702E7}.Debug|Any CPU.ActiveCfg = Debug|Any CPU
		{E4F68EBD-919B-4371-B2A4-3950AF4702E7}.Debug|Any CPU.Build.0 = Debug|Any CPU
		{E4F68EBD-919B-4371-B2A4-3950AF4702E7}.Release|Any CPU.ActiveCfg = Release|Any CPU
		{E4F68EBD-919B-4371-B2A4-3950AF4702E7}.Release|Any CPU.Build.0 = Release|Any CPU
	EndGlobalSection
	GlobalSection(SolutionProperties) = preSolution
		HideSolutionNode = FALSE
	EndGlobalSection
	GlobalSection(ExtensibilityGlobals) = postSolution
		SolutionGuid = {69B0D09B-B7A0-4C71-91F5-10DCBAF4FA39}
	EndGlobalSection
EndGlobal
