
Microsoft Visual Studio Solution File, Format Version 12.00
# Visual Studio Version 17
VisualStudioVersion = 17.7.34031.279
MinimumVisualStudioVersion = 10.0.40219.1
Project("{9A19103F-16F7-4668-BE54-9A1E7A4F7556}") = "SkiaGraphics", "SkiaGraphics\SkiaGraphics.csproj", "{CC955FC7-B145-4E21-A722-A7239688577D}"
EndProject
Project("{9A19103F-16F7-4668-BE54-9A1E7A4F7556}") = "Tools", "Tools\Tools.csproj", "{6E4F18A2-3089-4F8F-8ED8-9239ABA8CDEB}"
EndProject
Project("{9A19103F-16F7-4668-BE54-9A1E7A4F7556}") = "Authentication", "Authentication\Authentication.csproj", "{1FC2F729-7647-457D-A019-BAFAF9DC2F62}"
EndProject
Project("{9A19103F-16F7-4668-BE54-9A1E7A4F7556}") = "ExcelOperations", "Exceloperations\ExcelOperations.csproj", "{8C15CD1A-269F-4FB5-96AC-4DA96E97F170}"
EndProject
Project("{9A19103F-16F7-4668-BE54-9A1E7A4F7556}") = "MedicalDatabase", "MedicalDatabase\MedicalDatabase.csproj", "{E4F68EBD-919B-4371-B2A4-3950AF4702E7}"
EndProject
Project("{9A19103F-16F7-4668-BE54-9A1E7A4F7556}") = "MedicalApp.iOS", "MedicalApp.iOS\MedicalApp.iOS.csproj", "{03F37BAE-174D-46CC-B483-26371C01D8F1}"
EndProject
Project("{9A19103F-16F7-4668-BE54-9A1E7A4F7556}") = "MedicalApp.Desktop", "MedicalApp.Desktop\MedicalApp.Desktop.csproj", "{E83C315D-0815-4E14-A11D-7A44060C169E}"
EndProject
Project("{9A19103F-16F7-4668-BE54-9A1E7A4F7556}") = "MedicalApp.Android", "MedicalApp.Android\MedicalApp.Android.csproj", "{9A96A56F-D7AF-40AC-A0E7-9144937DC4F6}"
EndProject
Project("{9A19103F-16F7-4668-BE54-9A1E7A4F7556}") = "MedicalApp", "MedicalApp\MedicalApp.csproj", "{46F1DE4C-B79B-4E1F-89A1-E01E90AC98B9}"
EndProject
Project("{9A19103F-16F7-4668-BE54-9A1E7A4F7556}") = "MedicalApp.Browser", "MedicalApp.Browser\MedicalApp.Browser.csproj", "{25005F12-4E8F-4527-A364-943C31E0E49D}"
EndProject
Project("{9A19103F-16F7-4668-BE54-9A1E7A4F7556}") = "LiveChartsWrapper", "LiveChartsWrapper\LiveChartsWrapper.csproj", "{2C5DD101-C66E-4D02-B4EA-154899930603}"
EndProject
Project("{9A19103F-16F7-4668-BE54-9A1E7A4F7556}") = "PDFReader", "PDFReader\PDFReader.csproj", "{9E7F2806-1D81-49F5-8493-51269AFE2656}"
EndProject
Project("{9A19103F-16F7-4668-BE54-9A1E7A4F7556}") = "PDFReaderApp", "PDFReaderApp\PDFReaderApp.csproj", "{A4F6A661-881A-46F7-A966-D066203755C7}"
EndProject
Project("{FAE04EC0-301F-11D3-BF4B-00C04F79EFBC}") = "VisualTools", "VisualTools\VisualTools.csproj", "{B5669184-FEA2-428F-8752-0D1544DAB999}"
EndProject
Global
	GlobalSection(SolutionConfigurationPlatforms) = preSolution
		Debug|Any CPU = Debug|Any CPU
		Release|Any CPU = Release|Any CPU
	EndGlobalSection
	GlobalSection(ProjectConfigurationPlatforms) = postSolution
		{CC955FC7-B145-4E21-A722-A7239688577D}.Debug|Any CPU.ActiveCfg = Debug|Any CPU
		{CC955FC7-B145-4E21-A722-A7239688577D}.Debug|Any CPU.Build.0 = Debug|Any CPU
		{CC955FC7-B145-4E21-A722-A7239688577D}.Release|Any CPU.ActiveCfg = Release|Any CPU
		{CC955FC7-B145-4E21-A722-A7239688577D}.Release|Any CPU.Build.0 = Release|Any CPU
		{6E4F18A2-3089-4F8F-8ED8-9239ABA8CDEB}.Debug|Any CPU.ActiveCfg = Debug|Any CPU
		{6E4F18A2-3089-4F8F-8ED8-9239ABA8CDEB}.Debug|Any CPU.Build.0 = Debug|Any CPU
		{6E4F18A2-3089-4F8F-8ED8-9239ABA8CDEB}.Release|Any CPU.ActiveCfg = Release|Any CPU
		{6E4F18A2-3089-4F8F-8ED8-9239ABA8CDEB}.Release|Any CPU.Build.0 = Release|Any CPU
		{1FC2F729-7647-457D-A019-BAFAF9DC2F62}.Debug|Any CPU.ActiveCfg = Debug|Any CPU
		{1FC2F729-7647-457D-A019-BAFAF9DC2F62}.Debug|Any CPU.Build.0 = Debug|Any CPU
		{1FC2F729-7647-457D-A019-BAFAF9DC2F62}.Release|Any CPU.ActiveCfg = Release|Any CPU
		{1FC2F729-7647-457D-A019-BAFAF9DC2F62}.Release|Any CPU.Build.0 = Release|Any CPU
		{8C15CD1A-269F-4FB5-96AC-4DA96E97F170}.Debug|Any CPU.ActiveCfg = Debug|Any CPU
		{8C15CD1A-269F-4FB5-96AC-4DA96E97F170}.Debug|Any CPU.Build.0 = Debug|Any CPU
		{8C15CD1A-269F-4FB5-96AC-4DA96E97F170}.Release|Any CPU.ActiveCfg = Release|Any CPU
		{8C15CD1A-269F-4FB5-96AC-4DA96E97F170}.Release|Any CPU.Build.0 = Release|Any CPU
		{E4F68EBD-919B-4371-B2A4-3950AF4702E7}.Debug|Any CPU.ActiveCfg = Debug|Any CPU
		{E4F68EBD-919B-4371-B2A4-3950AF4702E7}.Debug|Any CPU.Build.0 = Debug|Any CPU
		{E4F68EBD-919B-4371-B2A4-3950AF4702E7}.Release|Any CPU.ActiveCfg = Release|Any CPU
		{E4F68EBD-919B-4371-B2A4-3950AF4702E7}.Release|Any CPU.Build.0 = Release|Any CPU
		{03F37BAE-174D-46CC-B483-26371C01D8F1}.Debug|Any CPU.ActiveCfg = Debug|Any CPU
		{03F37BAE-174D-46CC-B483-26371C01D8F1}.Debug|Any CPU.Build.0 = Debug|Any CPU
		{03F37BAE-174D-46CC-B483-26371C01D8F1}.Debug|Any CPU.Deploy.0 = Debug|Any CPU
		{03F37BAE-174D-46CC-B483-26371C01D8F1}.Release|Any CPU.ActiveCfg = Release|Any CPU
		{03F37BAE-174D-46CC-B483-26371C01D8F1}.Release|Any CPU.Build.0 = Release|Any CPU
		{03F37BAE-174D-46CC-B483-26371C01D8F1}.Release|Any CPU.Deploy.0 = Release|Any CPU
		{E83C315D-0815-4E14-A11D-7A44060C169E}.Debug|Any CPU.ActiveCfg = Debug|Any CPU
		{E83C315D-0815-4E14-A11D-7A44060C169E}.Debug|Any CPU.Build.0 = Debug|Any CPU
		{E83C315D-0815-4E14-A11D-7A44060C169E}.Release|Any CPU.ActiveCfg = Release|Any CPU
		{E83C315D-0815-4E14-A11D-7A44060C169E}.Release|Any CPU.Build.0 = Release|Any CPU
		{9A96A56F-D7AF-40AC-A0E7-9144937DC4F6}.Debug|Any CPU.ActiveCfg = Debug|Any CPU
		{9A96A56F-D7AF-40AC-A0E7-9144937DC4F6}.Debug|Any CPU.Build.0 = Debug|Any CPU
		{9A96A56F-D7AF-40AC-A0E7-9144937DC4F6}.Debug|Any CPU.Deploy.0 = Debug|Any CPU
		{9A96A56F-D7AF-40AC-A0E7-9144937DC4F6}.Release|Any CPU.ActiveCfg = Release|Any CPU
		{9A96A56F-D7AF-40AC-A0E7-9144937DC4F6}.Release|Any CPU.Build.0 = Release|Any CPU
		{9A96A56F-D7AF-40AC-A0E7-9144937DC4F6}.Release|Any CPU.Deploy.0 = Release|Any CPU
		{46F1DE4C-B79B-4E1F-89A1-E01E90AC98B9}.Debug|Any CPU.ActiveCfg = Debug|Any CPU
		{46F1DE4C-B79B-4E1F-89A1-E01E90AC98B9}.Debug|Any CPU.Build.0 = Debug|Any CPU
		{46F1DE4C-B79B-4E1F-89A1-E01E90AC98B9}.Release|Any CPU.ActiveCfg = Release|Any CPU
		{46F1DE4C-B79B-4E1F-89A1-E01E90AC98B9}.Release|Any CPU.Build.0 = Release|Any CPU
		{25005F12-4E8F-4527-A364-943C31E0E49D}.Debug|Any CPU.ActiveCfg = Debug|Any CPU
		{25005F12-4E8F-4527-A364-943C31E0E49D}.Debug|Any CPU.Build.0 = Debug|Any CPU
		{25005F12-4E8F-4527-A364-943C31E0E49D}.Release|Any CPU.ActiveCfg = Release|Any CPU
		{25005F12-4E8F-4527-A364-943C31E0E49D}.Release|Any CPU.Build.0 = Release|Any CPU
		{2C5DD101-C66E-4D02-B4EA-154899930603}.Debug|Any CPU.ActiveCfg = Debug|Any CPU
		{2C5DD101-C66E-4D02-B4EA-154899930603}.Debug|Any CPU.Build.0 = Debug|Any CPU
		{2C5DD101-C66E-4D02-B4EA-154899930603}.Release|Any CPU.ActiveCfg = Release|Any CPU
		{2C5DD101-C66E-4D02-B4EA-154899930603}.Release|Any CPU.Build.0 = Release|Any CPU
		{9E7F2806-1D81-49F5-8493-51269AFE2656}.Debug|Any CPU.ActiveCfg = Debug|Any CPU
		{9E7F2806-1D81-49F5-8493-51269AFE2656}.Debug|Any CPU.Build.0 = Debug|Any CPU
		{9E7F2806-1D81-49F5-8493-51269AFE2656}.Release|Any CPU.ActiveCfg = Release|Any CPU
		{9E7F2806-1D81-49F5-8493-51269AFE2656}.Release|Any CPU.Build.0 = Release|Any CPU
		{A4F6A661-881A-46F7-A966-D066203755C7}.Debug|Any CPU.ActiveCfg = Debug|Any CPU
		{A4F6A661-881A-46F7-A966-D066203755C7}.Debug|Any CPU.Build.0 = Debug|Any CPU
		{A4F6A661-881A-46F7-A966-D066203755C7}.Release|Any CPU.ActiveCfg = Release|Any CPU
		{A4F6A661-881A-46F7-A966-D066203755C7}.Release|Any CPU.Build.0 = Release|Any CPU
		{B5669184-FEA2-428F-8752-0D1544DAB999}.Debug|Any CPU.ActiveCfg = Debug|Any CPU
		{B5669184-FEA2-428F-8752-0D1544DAB999}.Debug|Any CPU.Build.0 = Debug|Any CPU
		{B5669184-FEA2-428F-8752-0D1544DAB999}.Release|Any CPU.ActiveCfg = Release|Any CPU
		{B5669184-FEA2-428F-8752-0D1544DAB999}.Release|Any CPU.Build.0 = Release|Any CPU
	EndGlobalSection
	GlobalSection(SolutionProperties) = preSolution
		HideSolutionNode = FALSE
	EndGlobalSection
	GlobalSection(ExtensibilityGlobals) = postSolution
		SolutionGuid = {69B0D09B-B7A0-4C71-91F5-10DCBAF4FA39}
	EndGlobalSection
EndGlobal
